// !$*UTF8*$!
{
	archiveVersion = 1;
	classes = {
	};
	objectVersion = 56;
	objects = {

/* Begin PBXBuildFile section */
		5881EF202C00139A00157833 /* AppDelegate.swift in Sources */ = {isa = PBXBuildFile; fileRef = 5881EF1F2C00139A00157833 /* AppDelegate.swift */; };
		5881EF222C00139A00157833 /* SceneDelegate.swift in Sources */ = {isa = PBXBuildFile; fileRef = 5881EF212C00139A00157833 /* SceneDelegate.swift */; };
		5881EF242C00139A00157833 /* ViewController.swift in Sources */ = {isa = PBXBuildFile; fileRef = 5881EF232C00139A00157833 /* ViewController.swift */; };
		5881EF272C00139A00157833 /* Base in Resources */ = {isa = PBXBuildFile; fileRef = 5881EF262C00139A00157833 /* Base */; };
		5881EF292C00139B00157833 /* Assets.xcassets in Resources */ = {isa = PBXBuildFile; fileRef = 5881EF282C00139B00157833 /* Assets.xcassets */; };
		5881EF2C2C00139B00157833 /* Base in Resources */ = {isa = PBXBuildFile; fileRef = 5881EF2B2C00139B00157833 /* Base */; };
		5881EF352C00159700157833 /* TodoListMainViewController.swift in Sources */ = {isa = PBXBuildFile; fileRef = 5881EF342C00159700157833 /* TodoListMainViewController.swift */; };
		5881EF372C001D5400157833 /* TodoListTableViewCell.swift in Sources */ = {isa = PBXBuildFile; fileRef = 5881EF362C001D5400157833 /* TodoListTableViewCell.swift */; };
		5881EF3A2C001D8700157833 /* TodoModel.swift in Sources */ = {isa = PBXBuildFile; fileRef = 5881EF392C001D8700157833 /* TodoModel.swift */; };
/* End PBXBuildFile section */

/* Begin PBXFileReference section */
		5881EF1C2C00139A00157833 /* TodoList_with_UIKit_CodeOnly.app */ = {isa = PBXFileReference; explicitFileType = wrapper.application; includeInIndex = 0; path = TodoList_with_UIKit_CodeOnly.app; sourceTree = BUILT_PRODUCTS_DIR; };
		5881EF1F2C00139A00157833 /* AppDelegate.swift */ = {isa = PBXFileReference; lastKnownFileType = sourcecode.swift; path = AppDelegate.swift; sourceTree = "<group>"; };
		5881EF212C00139A00157833 /* SceneDelegate.swift */ = {isa = PBXFileReference; lastKnownFileType = sourcecode.swift; path = SceneDelegate.swift; sourceTree = "<group>"; };
		5881EF232C00139A00157833 /* ViewController.swift */ = {isa = PBXFileReference; lastKnownFileType = sourcecode.swift; path = ViewController.swift; sourceTree = "<group>"; };
		5881EF262C00139A00157833 /* Base */ = {isa = PBXFileReference; lastKnownFileType = file.storyboard; name = Base; path = Base.lproj/Main.storyboard; sourceTree = "<group>"; };
		5881EF282C00139B00157833 /* Assets.xcassets */ = {isa = PBXFileReference; lastKnownFileType = folder.assetcatalog; path = Assets.xcassets; sourceTree = "<group>"; };
		5881EF2B2C00139B00157833 /* Base */ = {isa = PBXFileReference; lastKnownFileType = file.storyboard; name = Base; path = Base.lproj/LaunchScreen.storyboard; sourceTree = "<group>"; };
		5881EF2D2C00139B00157833 /* Info.plist */ = {isa = PBXFileReference; lastKnownFileType = text.plist.xml; path = Info.plist; sourceTree = "<group>"; };
		5881EF342C00159700157833 /* TodoListMainViewController.swift */ = {isa = PBXFileReference; lastKnownFileType = sourcecode.swift; path = TodoListMainViewController.swift; sourceTree = "<group>"; };
		5881EF362C001D5400157833 /* TodoListTableViewCell.swift */ = {isa = PBXFileReference; lastKnownFileType = sourcecode.swift; path = TodoListTableViewCell.swift; sourceTree = "<group>"; };
		5881EF392C001D8700157833 /* TodoModel.swift */ = {isa = PBXFileReference; lastKnownFileType = sourcecode.swift; path = TodoModel.swift; sourceTree = "<group>"; };
/* End PBXFileReference section */

/* Begin PBXFrameworksBuildPhase section */
		5881EF192C00139A00157833 /* Frameworks */ = {
			isa = PBXFrameworksBuildPhase;
			buildActionMask = 2147483647;
			files = (
			);
			runOnlyForDeploymentPostprocessing = 0;
		};
/* End PBXFrameworksBuildPhase section */

/* Begin PBXGroup section */
		5881EF132C00139A00157833 = {
			isa = PBXGroup;
			children = (
				5881EF1E2C00139A00157833 /* TodoList_with_UIKit_CodeOnly */,
				5881EF1D2C00139A00157833 /* Products */,
			);
			sourceTree = "<group>";
		};
		5881EF1D2C00139A00157833 /* Products */ = {
			isa = PBXGroup;
			children = (
				5881EF1C2C00139A00157833 /* TodoList_with_UIKit_CodeOnly.app */,
			);
			name = Products;
			sourceTree = "<group>";
		};
		5881EF1E2C00139A00157833 /* TodoList_with_UIKit_CodeOnly */ = {
			isa = PBXGroup;
			children = (
				5881EF1F2C00139A00157833 /* AppDelegate.swift */,
				5881EF212C00139A00157833 /* SceneDelegate.swift */,
				5881EF232C00139A00157833 /* ViewController.swift */,
				5881EF332C00157900157833 /* View */,
				5881EF382C001D7400157833 /* Model */,
				5881EF252C00139A00157833 /* Main.storyboard */,
				5881EF282C00139B00157833 /* Assets.xcassets */,
				5881EF2A2C00139B00157833 /* LaunchScreen.storyboard */,
				5881EF2D2C00139B00157833 /* Info.plist */,
			);
			path = TodoList_with_UIKit_CodeOnly;
			sourceTree = "<group>";
		};
		5881EF332C00157900157833 /* View */ = {
			isa = PBXGroup;
			children = (
				5881EF342C00159700157833 /* TodoListMainViewController.swift */,
				5881EF362C001D5400157833 /* TodoListTableViewCell.swift */,
			);
			path = View;
			sourceTree = "<group>";
		};
		5881EF382C001D7400157833 /* Model */ = {
			isa = PBXGroup;
			children = (
				5881EF392C001D8700157833 /* TodoModel.swift */,
			);
			path = Model;
			sourceTree = "<group>";
		};
/* End PBXGroup section */

/* Begin PBXNativeTarget section */
		5881EF1B2C00139A00157833 /* TodoList_with_UIKit_CodeOnly */ = {
			isa = PBXNativeTarget;
			buildConfigurationList = 5881EF302C00139B00157833 /* Build configuration list for PBXNativeTarget "TodoList_with_UIKit_CodeOnly" */;
			buildPhases = (
				5881EF182C00139A00157833 /* Sources */,
				5881EF192C00139A00157833 /* Frameworks */,
				5881EF1A2C00139A00157833 /* Resources */,
			);
			buildRules = (
			);
			dependencies = (
			);
			name = TodoList_with_UIKit_CodeOnly;
			productName = TodoList_with_UIKit_CodeOnly;
			productReference = 5881EF1C2C00139A00157833 /* TodoList_with_UIKit_CodeOnly.app */;
			productType = "com.apple.product-type.application";
		};
/* End PBXNativeTarget section */

/* Begin PBXProject section */
		5881EF142C00139A00157833 /* Project object */ = {
			isa = PBXProject;
			attributes = {
				BuildIndependentTargetsInParallel = 1;
				LastSwiftUpdateCheck = 1540;
				LastUpgradeCheck = 1540;
				TargetAttributes = {
					5881EF1B2C00139A00157833 = {
						CreatedOnToolsVersion = 15.4;
					};
				};
			};
			buildConfigurationList = 5881EF172C00139A00157833 /* Build configuration list for PBXProject "TodoList_with_UIKit_CodeOnly" */;
			compatibilityVersion = "Xcode 14.0";
			developmentRegion = en;
			hasScannedForEncodings = 0;
			knownRegions = (
				en,
				Base,
			);
			mainGroup = 5881EF132C00139A00157833;
			productRefGroup = 5881EF1D2C00139A00157833 /* Products */;
			projectDirPath = "";
			projectRoot = "";
			targets = (
				5881EF1B2C00139A00157833 /* TodoList_with_UIKit_CodeOnly */,
			);
		};
/* End PBXProject section */

/* Begin PBXResourcesBuildPhase section */
		5881EF1A2C00139A00157833 /* Resources */ = {
			isa = PBXResourcesBuildPhase;
			buildActionMask = 2147483647;
			files = (
				5881EF292C00139B00157833 /* Assets.xcassets in Resources */,
				5881EF2C2C00139B00157833 /* Base in Resources */,
				5881EF272C00139A00157833 /* Base in Resources */,
			);
			runOnlyForDeploymentPostprocessing = 0;
		};
/* End PBXResourcesBuildPhase section */

/* Begin PBXSourcesBuildPhase section */
		5881EF182C00139A00157833 /* Sources */ = {
			isa = PBXSourcesBuildPhase;
			buildActionMask = 2147483647;
			files = (
				5881EF242C00139A00157833 /* ViewController.swift in Sources */,
				5881EF202C00139A00157833 /* AppDelegate.swift in Sources */,
				5881EF352C00159700157833 /* TodoListMainViewController.swift in Sources */,
				5881EF3A2C001D8700157833 /* TodoModel.swift in Sources */,
				5881EF372C001D5400157833 /* TodoListTableViewCell.swift in Sources */,
				5881EF222C00139A00157833 /* SceneDelegate.swift in Sources */,
			);
			runOnlyForDeploymentPostprocessing = 0;
		};
/* End PBXSourcesBuildPhase section */

/* Begin PBXVariantGroup section */
		5881EF252C00139A00157833 /* Main.storyboard */ = {
			isa = PBXVariantGroup;
			children = (
				5881EF262C00139A00157833 /* Base */,
			);
			name = Main.storyboard;
			sourceTree = "<group>";
		};
		5881EF2A2C00139B00157833 /* LaunchScreen.storyboard */ = {
			isa = PBXVariantGroup;
			children = (
				5881EF2B2C00139B00157833 /* Base */,
			);
			name = LaunchScreen.storyboard;
			sourceTree = "<group>";
		};
/* End PBXVariantGroup section */

/* Begin XCBuildConfiguration section */
		5881EF2E2C00139B00157833 /* Debug */ = {
			isa = XCBuildConfiguration;
			buildSettings = {
				ALWAYS_SEARCH_USER_PATHS = NO;
				ASSETCATALOG_COMPILER_GENERATE_SWIFT_ASSET_SYMBOL_EXTENSIONS = YES;
				CLANG_ANALYZER_NONNULL = YES;
				CLANG_ANALYZER_NUMBER_OBJECT_CONVERSION = YES_AGGRESSIVE;
				CLANG_CXX_LANGUAGE_STANDARD = "gnu++20";
				CLANG_ENABLE_MODULES = YES;
				CLANG_ENABLE_OBJC_ARC = YES;
				CLANG_ENABLE_OBJC_WEAK = YES;
				CLANG_WARN_BLOCK_CAPTURE_AUTORELEASING = YES;
				CLANG_WARN_BOOL_CONVERSION = YES;
				CLANG_WARN_COMMA = YES;
				CLANG_WARN_CONSTANT_CONVERSION = YES;
				CLANG_WARN_DEPRECATED_OBJC_IMPLEMENTATIONS = YES;
				CLANG_WARN_DIRECT_OBJC_ISA_USAGE = YES_ERROR;
				CLANG_WARN_DOCUMENTATION_COMMENTS = YES;
				CLANG_WARN_EMPTY_BODY = YES;
				CLANG_WARN_ENUM_CONVERSION = YES;
				CLANG_WARN_INFINITE_RECURSION = YES;
				CLANG_WARN_INT_CONVERSION = YES;
				CLANG_WARN_NON_LITERAL_NULL_CONVERSION = YES;
				CLANG_WARN_OBJC_IMPLICIT_RETAIN_SELF = YES;
				CLANG_WARN_OBJC_LITERAL_CONVERSION = YES;
				CLANG_WARN_OBJC_ROOT_CLASS = YES_ERROR;
				CLANG_WARN_QUOTED_INCLUDE_IN_FRAMEWORK_HEADER = YES;
				CLANG_WARN_RANGE_LOOP_ANALYSIS = YES;
				CLANG_WARN_STRICT_PROTOTYPES = YES;
				CLANG_WARN_SUSPICIOUS_MOVE = YES;
				CLANG_WARN_UNGUARDED_AVAILABILITY = YES_AGGRESSIVE;
				CLANG_WARN_UNREACHABLE_CODE = YES;
				CLANG_WARN__DUPLICATE_METHOD_MATCH = YES;
				COPY_PHASE_STRIP = NO;
				DEBUG_INFORMATION_FORMAT = dwarf;
				ENABLE_STRICT_OBJC_MSGSEND = YES;
				ENABLE_TESTABILITY = YES;
				ENABLE_USER_SCRIPT_SANDBOXING = YES;
				GCC_C_LANGUAGE_STANDARD = gnu17;
				GCC_DYNAMIC_NO_PIC = NO;
				GCC_NO_COMMON_BLOCKS = YES;
				GCC_OPTIMIZATION_LEVEL = 0;
				GCC_PREPROCESSOR_DEFINITIONS = (
					"DEBUG=1",
					"$(inherited)",
				);
				GCC_WARN_64_TO_32_BIT_CONVERSION = YES;
				GCC_WARN_ABOUT_RETURN_TYPE = YES_ERROR;
				GCC_WARN_UNDECLARED_SELECTOR = YES;
				GCC_WARN_UNINITIALIZED_AUTOS = YES_AGGRESSIVE;
				GCC_WARN_UNUSED_FUNCTION = YES;
				GCC_WARN_UNUSED_VARIABLE = YES;
				IPHONEOS_DEPLOYMENT_TARGET = 17.5;
				LOCALIZATION_PREFERS_STRING_CATALOGS = YES;
				MTL_ENABLE_DEBUG_INFO = INCLUDE_SOURCE;
				MTL_FAST_MATH = YES;
				ONLY_ACTIVE_ARCH = YES;
				SDKROOT = iphoneos;
				SWIFT_ACTIVE_COMPILATION_CONDITIONS = "DEBUG $(inherited)";
				SWIFT_OPTIMIZATION_LEVEL = "-Onone";
			};
			name = Debug;
		};
		5881EF2F2C00139B00157833 /* Release */ = {
			isa = XCBuildConfiguration;
			buildSettings = {
				ALWAYS_SEARCH_USER_PATHS = NO;
				ASSETCATALOG_COMPILER_GENERATE_SWIFT_ASSET_SYMBOL_EXTENSIONS = YES;
				CLANG_ANALYZER_NONNULL = YES;
				CLANG_ANALYZER_NUMBER_OBJECT_CONVERSION = YES_AGGRESSIVE;
				CLANG_CXX_LANGUAGE_STANDARD = "gnu++20";
				CLANG_ENABLE_MODULES = YES;
				CLANG_ENABLE_OBJC_ARC = YES;
				CLANG_ENABLE_OBJC_WEAK = YES;
				CLANG_WARN_BLOCK_CAPTURE_AUTORELEASING = YES;
				CLANG_WARN_BOOL_CONVERSION = YES;
				CLANG_WARN_COMMA = YES;
				CLANG_WARN_CONSTANT_CONVERSION = YES;
				CLANG_WARN_DEPRECATED_OBJC_IMPLEMENTATIONS = YES;
				CLANG_WARN_DIRECT_OBJC_ISA_USAGE = YES_ERROR;
				CLANG_WARN_DOCUMENTATION_COMMENTS = YES;
				CLANG_WARN_EMPTY_BODY = YES;
				CLANG_WARN_ENUM_CONVERSION = YES;
				CLANG_WARN_INFINITE_RECURSION = YES;
				CLANG_WARN_INT_CONVERSION = YES;
				CLANG_WARN_NON_LITERAL_NULL_CONVERSION = YES;
				CLANG_WARN_OBJC_IMPLICIT_RETAIN_SELF = YES;
				CLANG_WARN_OBJC_LITERAL_CONVERSION = YES;
				CLANG_WARN_OBJC_ROOT_CLASS = YES_ERROR;
				CLANG_WARN_QUOTED_INCLUDE_IN_FRAMEWORK_HEADER = YES;
				CLANG_WARN_RANGE_LOOP_ANALYSIS = YES;
				CLANG_WARN_STRICT_PROTOTYPES = YES;
				CLANG_WARN_SUSPICIOUS_MOVE = YES;
				CLANG_WARN_UNGUARDED_AVAILABILITY = YES_AGGRESSIVE;
				CLANG_WARN_UNREACHABLE_CODE = YES;
				CLANG_WARN__DUPLICATE_METHOD_MATCH = YES;
				COPY_PHASE_STRIP = NO;
				DEBUG_INFORMATION_FORMAT = "dwarf-with-dsym";
				ENABLE_NS_ASSERTIONS = NO;
				ENABLE_STRICT_OBJC_MSGSEND = YES;
				ENABLE_USER_SCRIPT_SANDBOXING = YES;
				GCC_C_LANGUAGE_STANDARD = gnu17;
				GCC_NO_COMMON_BLOCKS = YES;
				GCC_WARN_64_TO_32_BIT_CONVERSION = YES;
				GCC_WARN_ABOUT_RETURN_TYPE = YES_ERROR;
				GCC_WARN_UNDECLARED_SELECTOR = YES;
				GCC_WARN_UNINITIALIZED_AUTOS = YES_AGGRESSIVE;
				GCC_WARN_UNUSED_FUNCTION = YES;
				GCC_WARN_UNUSED_VARIABLE = YES;
				IPHONEOS_DEPLOYMENT_TARGET = 17.5;
				LOCALIZATION_PREFERS_STRING_CATALOGS = YES;
				MTL_ENABLE_DEBUG_INFO = NO;
				MTL_FAST_MATH = YES;
				SDKROOT = iphoneos;
				SWIFT_COMPILATION_MODE = wholemodule;
				VALIDATE_PRODUCT = YES;
			};
			name = Release;
		};
		5881EF312C00139B00157833 /* Debug */ = {
			isa = XCBuildConfiguration;
			buildSettings = {
				ASSETCATALOG_COMPILER_APPICON_NAME = AppIcon;
				ASSETCATALOG_COMPILER_GLOBAL_ACCENT_COLOR_NAME = AccentColor;
				CODE_SIGN_STYLE = Automatic;
				CURRENT_PROJECT_VERSION = 1;
				DEVELOPMENT_TEAM = P95R3MRRWK;
				GENERATE_INFOPLIST_FILE = YES;
				INFOPLIST_FILE = TodoList_with_UIKit_CodeOnly/Info.plist;
				INFOPLIST_KEY_UIApplicationSupportsIndirectInputEvents = YES;
				INFOPLIST_KEY_UILaunchStoryboardName = LaunchScreen;
				INFOPLIST_KEY_UIMainStoryboardFile = Main;
				INFOPLIST_KEY_UISupportedInterfaceOrientations_iPad = "UIInterfaceOrientationPortrait UIInterfaceOrientationPortraitUpsideDown UIInterfaceOrientationLandscapeLeft UIInterfaceOrientationLandscapeRight";
				INFOPLIST_KEY_UISupportedInterfaceOrientations_iPhone = "UIInterfaceOrientationPortrait UIInterfaceOrientationLandscapeLeft UIInterfaceOrientationLandscapeRight";
				LD_RUNPATH_SEARCH_PATHS = (
					"$(inherited)",
					"@executable_path/Frameworks",
				);
				MARKETING_VERSION = 1.0;
				PRODUCT_BUNDLE_IDENTIFIER = "kr.Bin.TodoList-with-UIKit-CodeOnly";
				PRODUCT_NAME = "$(TARGET_NAME)";
				SWIFT_EMIT_LOC_STRINGS = YES;
				SWIFT_VERSION = 5.0;
				TARGETED_DEVICE_FAMILY = "1,2";
			};
			name = Debug;
		};
		5881EF322C00139B00157833 /* Release */ = {
			isa = XCBuildConfiguration;
			buildSettings = {
				ASSETCATALOG_COMPILER_APPICON_NAME = AppIcon;
				ASSETCATALOG_COMPILER_GLOBAL_ACCENT_COLOR_NAME = AccentColor;
				CODE_SIGN_STYLE = Automatic;
				CURRENT_PROJECT_VERSION = 1;
				DEVELOPMENT_TEAM = P95R3MRRWK;
				GENERATE_INFOPLIST_FILE = YES;
				INFOPLIST_FILE = TodoList_with_UIKit_CodeOnly/Info.plist;
				INFOPLIST_KEY_UIApplicationSupportsIndirectInputEvents = YES;
				INFOPLIST_KEY_UILaunchStoryboardName = LaunchScreen;
				INFOPLIST_KEY_UIMainStoryboardFile = Main;
				INFOPLIST_KEY_UISupportedInterfaceOrientations_iPad = "UIInterfaceOrientationPortrait UIInterfaceOrientationPortraitUpsideDown UIInterfaceOrientationLandscapeLeft UIInterfaceOrientationLandscapeRight";
				INFOPLIST_KEY_UISupportedInterfaceOrientations_iPhone = "UIInterfaceOrientationPortrait UIInterfaceOrientationLandscapeLeft UIInterfaceOrientationLandscapeRight";
				LD_RUNPATH_SEARCH_PATHS = (
					"$(inherited)",
					"@executable_path/Frameworks",
				);
				MARKETING_VERSION = 1.0;
				PRODUCT_BUNDLE_IDENTIFIER = "kr.Bin.TodoList-with-UIKit-CodeOnly";
				PRODUCT_NAME = "$(TARGET_NAME)";
				SWIFT_EMIT_LOC_STRINGS = YES;
				SWIFT_VERSION = 5.0;
				TARGETED_DEVICE_FAMILY = "1,2";
			};
			name = Release;
		};
/* End XCBuildConfiguration section */

/* Begin XCConfigurationList section */
		5881EF172C00139A00157833 /* Build configuration list for PBXProject "TodoList_with_UIKit_CodeOnly" */ = {
			isa = XCConfigurationList;
			buildConfigurations = (
				5881EF2E2C00139B00157833 /* Debug */,
				5881EF2F2C00139B00157833 /* Release */,
			);
			defaultConfigurationIsVisible = 0;
			defaultConfigurationName = Release;
		};
		5881EF302C00139B00157833 /* Build configuration list for PBXNativeTarget "TodoList_with_UIKit_CodeOnly" */ = {
			isa = XCConfigurationList;
			buildConfigurations = (
				5881EF312C00139B00157833 /* Debug */,
				5881EF322C00139B00157833 /* Release */,
			);
			defaultConfigurationIsVisible = 0;
			defaultConfigurationName = Release;
		};
/* End XCConfigurationList section */
	};
	rootObject = 5881EF142C00139A00157833 /* Project object */;
}
